
Microsoft Visual Studio Solution File, Format Version 12.00
# Visual Studio Version 17
VisualStudioVersion = 17.6.33815.320
MinimumVisualStudioVersion = 10.0.40219.1
Project("{FAE04EC0-301F-11D3-BF4B-00C04F79EFBC}") = "Interfaces 1.13", "Interfaces 1.13.csproj", "{AD5520B6-75E2-4315-B94E-3AEB2164AA01}"
EndProject
Global
	GlobalSection(SolutionConfigurationPlatforms) = preSolution
		Debug|Any CPU = Debug|Any CPU
		Release|Any CPU = Release|Any CPU
	EndGlobalSection
	GlobalSection(ProjectConfigurationPlatforms) = postSolution
		{AD5520B6-75E2-4315-B94E-3AEB2164AA01}.Debug|Any CPU.ActiveCfg = Debug|Any CPU
		{AD5520B6-75E2-4315-B94E-3AEB2164AA01}.Debug|Any CPU.Build.0 = Debug|Any CPU
		{AD5520B6-75E2-4315-B94E-3AEB2164AA01}.Release|Any CPU.ActiveCfg = Release|Any CPU
		{AD5520B6-75E2-4315-B94E-3AEB2164AA01}.Release|Any CPU.Build.0 = Release|Any CPU
	EndGlobalSection
	GlobalSection(SolutionProperties) = preSolution
		HideSolutionNode = FALSE
	EndGlobalSection
	GlobalSection(ExtensibilityGlobals) = postSolution
		SolutionGuid = {B2845680-B61D-4243-9067-F38CB42D7AD2}
	EndGlobalSection
EndGlobal
